
Microsoft Visual Studio Solution File, Format Version 11.00
# Visual Studio 2010
Project("{8BC9CEB8-8B4A-11D0-8D11-00A0C91BC942}") = "EvaporationTank_Control_01", "EvaporationTank_Control_01\EvaporationTank_Control_01.vcxproj", "{92A195E3-AD34-47E7-992F-8276A37DDE1B}"
EndProject
Global
	GlobalSection(SolutionConfigurationPlatforms) = preSolution
		Debug|Win32 = Debug|Win32
		Release|Win32 = Release|Win32
	EndGlobalSection
	GlobalSection(ProjectConfigurationPlatforms) = postSolution
		{92A195E3-AD34-47E7-992F-8276A37DDE1B}.Debug|Win32.ActiveCfg = Debug|Win32
		{92A195E3-AD34-47E7-992F-8276A37DDE1B}.Debug|Win32.Build.0 = Debug|Win32
		{92A195E3-AD34-47E7-992F-8276A37DDE1B}.Release|Win32.ActiveCfg = Release|Win32
		{92A195E3-AD34-47E7-992F-8276A37DDE1B}.Release|Win32.Build.0 = Release|Win32
	EndGlobalSection
	GlobalSection(SolutionProperties) = preSolution
		HideSolutionNode = FALSE
	EndGlobalSection
EndGlobal
