<?xml version="1.0" encoding="utf-8"?>
<Project ToolsVersion="4.0" xmlns="http://schemas.microsoft.com/developer/msbuild/2003">
  <ItemGroup>
    <Filter Include="Source Files">
      <UniqueIdentifier>{4FC737F1-C7A5-4376-A066-2A32D752A2FF}</UniqueIdentifier>
      <Extensions>cpp;c;cc;cxx;def;odl;idl;hpj;bat;asm;asmx</Extensions>
    </Filter>
    <Filter Include="Header Files">
      <UniqueIdentifier>{93995380-89BD-4b04-88EB-625FBE52EBFB}</UniqueIdentifier>
      <Extensions>h;hpp;hxx;hm;inl;inc;xsd</Extensions>
    </Filter>
    <Filter Include="Resource Files">
      <UniqueIdentifier>{67DA6AB6-F800-4c08-8B7A-83BB121AAD01}</UniqueIdentifier>
      <Extensions>rc;ico;cur;bmp;dlg;rc2;rct;bin;rgs;gif;jpg;jpeg;jpe;resx;tiff;tif;png;wav;mfcribbon-ms;lib</Extensions>
    </Filter>
  </ItemGroup>
  <ItemGroup>
    <None Include="ReadMe.txt" />
    <None Include="small.ico">
      <Filter>Resource Files</Filter>
    </None>
    <None Include="EvaporationTank_Control_01.ico">
      <Filter>Resource Files</Filter>
    </None>
  </ItemGroup>
  <ItemGroup>
    <ClInclude Include="stdafx.h">
      <Filter>Header Files</Filter>
    </ClInclude>
    <ClInclude Include="targetver.h">
      <Filter>Header Files</Filter>
    </ClInclude>
    <ClInclude Include="Resource.h">
      <Filter>Header Files</Filter>
    </ClInclude>
    <ClInclude Include="EvaporationTank_Control_01.h">
      <Filter>Header Files</Filter>
    </ClInclude>
    <ClInclude Include="SystemTime.h">
      <Filter>Header Files</Filter>
    </ClInclude>
    <ClInclude Include="Sensor.h">
      <Filter>Header Files</Filter>
    </ClInclude>
    <ClInclude Include="MathUtilities.h">
      <Filter>Header Files</Filter>
    </ClInclude>
    <ClInclude Include="AnalogSensor.h">
      <Filter>Header Files</Filter>
    </ClInclude>
    <ClInclude Include="BinarySensor.h">
      <Filter>Header Files</Filter>
    </ClInclude>
    <ClInclude Include="LevelSwitch.h">
      <Filter>Header Files</Filter>
    </ClInclude>
    <ClInclude Include="TemperatureProbe.h">
      <Filter>Header Files</Filter>
    </ClInclude>
    <ClInclude Include="MeteringPump.h">
      <Filter>Header Files</Filter>
    </ClInclude>
    <ClInclude Include="LogData.h">
      <Filter>Header Files</Filter>
    </ClInclude>
    <ClInclude Include="LogFileOutput.h">
      <Filter>Header Files</Filter>
    </ClInclude>
    <ClInclude Include="LiquidTank.h">
      <Filter>Header Files</Filter>
    </ClInclude>
    <ClInclude Include="ProcessErrors.h">
      <Filter>Header Files</Filter>
    </ClInclude>
    <ClInclude Include="AnalogInput.h">
      <Filter>Header Files</Filter>
    </ClInclude>
    <ClInclude Include="AnalogOutput.h">
      <Filter>Header Files</Filter>
    </ClInclude>
    <ClInclude Include="BinaryInput.h">
      <Filter>Header Files</Filter>
    </ClInclude>
    <ClInclude Include="BinaryOutput.h">
      <Filter>Header Files</Filter>
    </ClInclude>
    <ClInclude Include="EvaporationTankA.h">
      <Filter>Header Files</Filter>
    </ClInclude>
    <ClInclude Include="ProgramExceptions.h">
      <Filter>Header Files</Filter>
    </ClInclude>
    <ClInclude Include="ProgramException.h">
      <Filter>Header Files</Filter>
    </ClInclude>
    <ClInclude Include="PumpLogFileOutput.h">
      <Filter>Header Files</Filter>
    </ClInclude>
    <ClInclude Include="TankFillLogFileOutput.h">
      <Filter>Header Files</Filter>
    </ClInclude>
    <ClInclude Include="EvaporationTankB.h">
      <Filter>Header Files</Filter>
    </ClInclude>
    <ClInclude Include="DBK5.h">
      <Filter>Header Files</Filter>
    </ClInclude>
    <ClInclude Include="DBK15.h">
      <Filter>Header Files</Filter>
    </ClInclude>
    <ClInclude Include="DBK23.h">
      <Filter>Header Files</Filter>
    </ClInclude>
    <ClInclude Include="DaqRoutines.h">
      <Filter>Header Files</Filter>
    </ClInclude>
    <ClInclude Include="Daqx.h">
      <Filter>Header Files</Filter>
    </ClInclude>
    <ClInclude Include="DaqDevice.h">
      <Filter>Header Files</Filter>
    </ClInclude>
    <ClInclude Include="DistillateSupplyTank.h">
      <Filter>Header Files</Filter>
    </ClInclude>
    <ClInclude Include="LevelSensor.h">
      <Filter>Header Files</Filter>
    </ClInclude>
    <ClInclude Include="Pyranometer.h">
      <Filter>Header Files</Filter>
    </ClInclude>
  </ItemGroup>
  <ItemGroup>
    <ClCompile Include="stdafx.cpp">
      <Filter>Source Files</Filter>
    </ClCompile>
    <ClCompile Include="EvaporationTank_Control_01.cpp">
      <Filter>Source Files</Filter>
    </ClCompile>
    <ClCompile Include="SystemTime.cpp">
      <Filter>Source Files</Filter>
    </ClCompile>
    <ClCompile Include="Sensor.cpp">
      <Filter>Source Files</Filter>
    </ClCompile>
    <ClCompile Include="MathUtilities.cpp">
      <Filter>Source Files</Filter>
    </ClCompile>
    <ClCompile Include="AnalogSensor.cpp">
      <Filter>Source Files</Filter>
    </ClCompile>
    <ClCompile Include="BinarySensor.cpp">
      <Filter>Source Files</Filter>
    </ClCompile>
    <ClCompile Include="LevelSwitch.cpp">
      <Filter>Source Files</Filter>
    </ClCompile>
    <ClCompile Include="TemperatureProbe.cpp">
      <Filter>Source Files</Filter>
    </ClCompile>
    <ClCompile Include="MeteringPump.cpp">
      <Filter>Source Files</Filter>
    </ClCompile>
    <ClCompile Include="LogData.cpp">
      <Filter>Source Files</Filter>
    </ClCompile>
    <ClCompile Include="LogFileOutput.cpp">
      <Filter>Source Files</Filter>
    </ClCompile>
    <ClCompile Include="LiquidTank.cpp">
      <Filter>Source Files</Filter>
    </ClCompile>
    <ClCompile Include="ProcessErrors.cpp">
      <Filter>Source Files</Filter>
    </ClCompile>
    <ClCompile Include="AnalogInput.cpp">
      <Filter>Source Files</Filter>
    </ClCompile>
    <ClCompile Include="AnalogOutput.cpp">
      <Filter>Source Files</Filter>
    </ClCompile>
    <ClCompile Include="BinaryInput.cpp">
      <Filter>Source Files</Filter>
    </ClCompile>
    <ClCompile Include="BinaryOutput.cpp">
      <Filter>Source Files</Filter>
    </ClCompile>
    <ClCompile Include="EvaporationTankA.cpp">
      <Filter>Source Files</Filter>
    </ClCompile>
    <ClCompile Include="ProgramExceptions.cpp">
      <Filter>Source Files</Filter>
    </ClCompile>
    <ClCompile Include="ProgramException.cpp">
      <Filter>Source Files</Filter>
    </ClCompile>
    <ClCompile Include="PumpLogFileOutput.cpp">
      <Filter>Source Files</Filter>
    </ClCompile>
    <ClCompile Include="TankFillLogFileOutput.cpp">
      <Filter>Source Files</Filter>
    </ClCompile>
    <ClCompile Include="EvaporationTankB.cpp">
      <Filter>Source Files</Filter>
    </ClCompile>
    <ClCompile Include="DBK5.cpp">
      <Filter>Source Files</Filter>
    </ClCompile>
    <ClCompile Include="DBK15.cpp">
      <Filter>Source Files</Filter>
    </ClCompile>
    <ClCompile Include="DBK23.cpp">
      <Filter>Source Files</Filter>
    </ClCompile>
    <ClCompile Include="DaqDevice.cpp">
      <Filter>Source Files</Filter>
    </ClCompile>
    <ClCompile Include="DaqRoutines.cpp">
      <Filter>Source Files</Filter>
    </ClCompile>
    <ClCompile Include="DistillateSupplyTank.cpp">
      <Filter>Source Files</Filter>
    </ClCompile>
    <ClCompile Include="LevelSensor.cpp">
      <Filter>Source Files</Filter>
    </ClCompile>
    <ClCompile Include="Pyranometer.cpp">
      <Filter>Source Files</Filter>
    </ClCompile>
  </ItemGroup>
  <ItemGroup>
    <ResourceCompile Include="EvaporationTank_Control_01.rc">
      <Filter>Resource Files</Filter>
    </ResourceCompile>
  </ItemGroup>
  <ItemGroup>
    <Library Include="LIB\DAQX.lib">
      <Filter>Resource Files</Filter>
    </Library>
  </ItemGroup>
</Project>